{
    "version": 3,
    "terraform_version": "0.11.8",
    "serial": 4,
    "lineage": "a1b05716-932d-e6b9-dd04-3f8dc8383e8c",
    "modules": [
        {
            "path": [
                "root"
            ],
            "outputs": {},
            "resources": {
                "aws_db_instance.postgres": {
                    "type": "aws_db_instance",
                    "depends_on": [
                        "aws_security_group.postgres_sg"
                    ],
                    "primary": {
                        "id": "terraform-20181015072145060400000001",
                        "attributes": {
                            "address": "terraform-20181015072145060400000001.cmzxfbvwazpd.eu-west-1.rds.amazonaws.com",
                            "allocated_storage": "10",
                            "arn": "arn:aws:rds:eu-west-1:856127187850:db:terraform-20181015072145060400000001",
                            "auto_minor_version_upgrade": "true",
                            "availability_zone": "eu-west-1b",
                            "backup_retention_period": "0",
                            "backup_window": "00:01-00:31",
                            "ca_cert_identifier": "rds-ca-2015",
                            "copy_tags_to_snapshot": "false",
                            "db_subnet_group_name": "default",
                            "deletion_protection": "false",
                            "domain": "",
                            "domain_iam_role_name": "",
                            "enabled_cloudwatch_logs_exports.#": "0",
                            "endpoint": "terraform-20181015072145060400000001.cmzxfbvwazpd.eu-west-1.rds.amazonaws.com:5432",
                            "engine": "postgres",
                            "engine_version": "9.5.10",
                            "hosted_zone_id": "Z29XKXDKYMONMX",
                            "iam_database_authentication_enabled": "false",
                            "id": "terraform-20181015072145060400000001",
                            "identifier": "terraform-20181015072145060400000001",
                            "instance_class": "db.t2.micro",
                            "iops": "0",
                            "kms_key_id": "",
                            "license_model": "postgresql-license",
                            "maintenance_window": "mon:01:10-mon:01:40",
                            "monitoring_interval": "0",
                            "multi_az": "false",
                            "name": "postgres",
                            "option_group_name": "default:postgres-9-5",
                            "parameter_group_name": "default.postgres9.5",
                            "password": "password",
                            "port": "5432",
                            "publicly_accessible": "false",
                            "replicas.#": "0",
                            "replicate_source_db": "",
                            "resource_id": "db-4J72AY7FMIOH2WYIE34R3ETXXE",
                            "security_group_names.#": "0",
                            "skip_final_snapshot": "false",
                            "status": "available",
                            "storage_encrypted": "false",
                            "storage_type": "standard",
                            "tags.%": "1",
                            "tags.Name": "postgres_db_naresh",
                            "timezone": "",
                            "username": "master",
                            "vpc_security_group_ids.#": "1",
                            "vpc_security_group_ids.1712449130": "sg-07f01c750729ce9ad"
                        },
                        "meta": {
                            "e2bfb730-ecaa-11e6-8f88-34363bc7c4c0": {
                                "create": 2400000000000,
                                "delete": 2400000000000,
                                "update": 4800000000000
                            }
                        },
                        "tainted": false
                    },
                    "deposed": [],
                    "provider": "provider.aws"
                },
                "aws_security_group.postgres_sg": {
                    "type": "aws_security_group",
                    "depends_on": [],
                    "primary": {
                        "id": "sg-07f01c750729ce9ad",
                        "attributes": {
                            "arn": "arn:aws:ec2:eu-west-1:856127187850:security-group/sg-07f01c750729ce9ad",
                            "description": "Allow all ingress traffic through 5432",
                            "egress.#": "0",
                            "id": "sg-07f01c750729ce9ad",
                            "ingress.#": "1",
                            "ingress.761371496.cidr_blocks.#": "1",
                            "ingress.761371496.cidr_blocks.0": "0.0.0.0/0",
                            "ingress.761371496.description": "",
                            "ingress.761371496.from_port": "5432",
                            "ingress.761371496.ipv6_cidr_blocks.#": "0",
                            "ingress.761371496.prefix_list_ids.#": "0",
                            "ingress.761371496.protocol": "tcp",
                            "ingress.761371496.security_groups.#": "0",
                            "ingress.761371496.self": "false",
                            "ingress.761371496.to_port": "5432",
                            "name": "postgres_sg",
                            "owner_id": "856127187850",
                            "revoke_rules_on_delete": "false",
                            "tags.%": "0",
                            "vpc_id": "vpc-852808e3"
                        },
                        "meta": {
                            "e2bfb730-ecaa-11e6-8f88-34363bc7c4c0": {
                                "create": 600000000000,
                                "delete": 600000000000
                            },
                            "schema_version": "1"
                        },
                        "tainted": false
                    },
                    "deposed": [],
                    "provider": "provider.aws"
                }
            },
            "depends_on": []
        }
    ]
}
